
Microsoft Visual Studio Solution File, Format Version 12.00
# Visual Studio Version 17
VisualStudioVersion = 17.0.31903.59
MinimumVisualStudioVersion = 10.0.40219.1
Project("{FAE04EC0-301F-11D3-BF4B-00C04F79EFBC}") = "VirtualMemberCallInConstructor", "VirtualMemberCallInConstructor\VirtualMemberCallInConstructor.csproj", "{AF13287B-4996-4618-A664-662CB7300E23}"
EndProject
Project("{FAE04EC0-301F-11D3-BF4B-00C04F79EFBC}") = "InitializersRunInOppositeOrderAsConstructorsV2", "InitializersRunInOppositeOrderAsConstructorsV2\InitializersRunInOppositeOrderAsConstructorsV2.csproj", "{B2154B55-F184-4E76-BBD2-BEA2A81582F5}"
EndProject
Project("{FAE04EC0-301F-11D3-BF4B-00C04F79EFBC}") = "InitializersRunInOppositeOrderAsConstructorsV1", "InitializersRunInOppositeOrderAsConstructorsV1\InitializersRunInOppositeOrderAsConstructorsV1.csproj", "{EB245691-71F8-4CD8-AD7E-56C730C04874}"
EndProject
Project("{FAE04EC0-301F-11D3-BF4B-00C04F79EFBC}") = "HelloWorldWithIL", "HelloWorldWithIL\HelloWorldWithIL.csproj", "{BFFA94FE-7264-4F71-9244-493B0786A474}"
EndProject
Project("{FAE04EC0-301F-11D3-BF4B-00C04F79EFBC}") = "RecordType", "RecordType\RecordType.csproj", "{99AE8FFF-C55B-4952-A3A2-41248C7F042B}"
EndProject
Global
	GlobalSection(SolutionConfigurationPlatforms) = preSolution
		Debug|Any CPU = Debug|Any CPU
		Release|Any CPU = Release|Any CPU
	EndGlobalSection
	GlobalSection(SolutionProperties) = preSolution
		HideSolutionNode = FALSE
	EndGlobalSection
	GlobalSection(ProjectConfigurationPlatforms) = postSolution
		{AF13287B-4996-4618-A664-662CB7300E23}.Debug|Any CPU.ActiveCfg = Debug|Any CPU
		{AF13287B-4996-4618-A664-662CB7300E23}.Debug|Any CPU.Build.0 = Debug|Any CPU
		{AF13287B-4996-4618-A664-662CB7300E23}.Release|Any CPU.ActiveCfg = Release|Any CPU
		{AF13287B-4996-4618-A664-662CB7300E23}.Release|Any CPU.Build.0 = Release|Any CPU
		{B2154B55-F184-4E76-BBD2-BEA2A81582F5}.Debug|Any CPU.ActiveCfg = Debug|Any CPU
		{B2154B55-F184-4E76-BBD2-BEA2A81582F5}.Debug|Any CPU.Build.0 = Debug|Any CPU
		{B2154B55-F184-4E76-BBD2-BEA2A81582F5}.Release|Any CPU.ActiveCfg = Release|Any CPU
		{B2154B55-F184-4E76-BBD2-BEA2A81582F5}.Release|Any CPU.Build.0 = Release|Any CPU
		{EB245691-71F8-4CD8-AD7E-56C730C04874}.Debug|Any CPU.ActiveCfg = Debug|Any CPU
		{EB245691-71F8-4CD8-AD7E-56C730C04874}.Debug|Any CPU.Build.0 = Debug|Any CPU
		{EB245691-71F8-4CD8-AD7E-56C730C04874}.Release|Any CPU.ActiveCfg = Release|Any CPU
		{EB245691-71F8-4CD8-AD7E-56C730C04874}.Release|Any CPU.Build.0 = Release|Any CPU
		{BFFA94FE-7264-4F71-9244-493B0786A474}.Debug|Any CPU.ActiveCfg = Debug|Any CPU
		{BFFA94FE-7264-4F71-9244-493B0786A474}.Debug|Any CPU.Build.0 = Debug|Any CPU
		{BFFA94FE-7264-4F71-9244-493B0786A474}.Release|Any CPU.ActiveCfg = Release|Any CPU
		{BFFA94FE-7264-4F71-9244-493B0786A474}.Release|Any CPU.Build.0 = Release|Any CPU
		{99AE8FFF-C55B-4952-A3A2-41248C7F042B}.Debug|Any CPU.ActiveCfg = Debug|Any CPU
		{99AE8FFF-C55B-4952-A3A2-41248C7F042B}.Debug|Any CPU.Build.0 = Debug|Any CPU
		{99AE8FFF-C55B-4952-A3A2-41248C7F042B}.Release|Any CPU.ActiveCfg = Release|Any CPU
		{99AE8FFF-C55B-4952-A3A2-41248C7F042B}.Release|Any CPU.Build.0 = Release|Any CPU
	EndGlobalSection
EndGlobal
