
Microsoft Visual Studio Solution File, Format Version 12.00
# Visual Studio Version 17
VisualStudioVersion = 17.0.31903.59
MinimumVisualStudioVersion = 10.0.40219.1
Project("{FAE04EC0-301F-11D3-BF4B-00C04F79EFBC}") = "VirtualMemberCallInConstructor", "VirtualMemberCallInConstructor\VirtualMemberCallInConstructor.csproj", "{AF13287B-4996-4618-A664-662CB7300E23}"
EndProject
Project("{FAE04EC0-301F-11D3-BF4B-00C04F79EFBC}") = "InitializersRunInOppositeOrderAsConstructorsV2", "InitializersRunInOppositeOrderAsConstructorsV2\InitializersRunInOppositeOrderAsConstructorsV2.csproj", "{B2154B55-F184-4E76-BBD2-BEA2A81582F5}"
EndProject
Project("{FAE04EC0-301F-11D3-BF4B-00C04F79EFBC}") = "InitializersRunInOppositeOrderAsConstructorsV1", "InitializersRunInOppositeOrderAsConstructorsV1\InitializersRunInOppositeOrderAsConstructorsV1.csproj", "{EB245691-71F8-4CD8-AD7E-56C730C04874}"
EndProject
Project("{FAE04EC0-301F-11D3-BF4B-00C04F79EFBC}") = "HelloWorldWithIL", "HelloWorldWithIL\HelloWorldWithIL.csproj", "{BFFA94FE-7264-4F71-9244-493B0786A474}"
EndProject
Project("{FAE04EC0-301F-11D3-BF4B-00C04F79EFBC}") = "RecordType", "RecordType\RecordType.csproj", "{99AE8FFF-C55B-4952-A3A2-41248C7F042B}"
EndProject
Project("{FAE04EC0-301F-11D3-BF4B-00C04F79EFBC}") = "EqualityOrderComparisonMoney", "EqualityOrderComparisonMoney\EqualityOrderComparisonMoney.csproj", "{FE7B4A5D-0F48-408C-A891-F43EF9C1BB15}"
EndProject
Project("{FAE04EC0-301F-11D3-BF4B-00C04F79EFBC}") = "Interceptors", "Interceptors\Interceptors.csproj", "{8D5AEA2D-90BC-44AC-81F2-D9A2C0AF469F}"
EndProject
Project("{FAE04EC0-301F-11D3-BF4B-00C04F79EFBC}") = "ProxiesForLogging", "ProxiesForLogging\ProxiesForLogging.csproj", "{E5817E23-DF58-4A74-9350-9D059FFFBDF8}"
EndProject
Project("{FAE04EC0-301F-11D3-BF4B-00C04F79EFBC}") = "SourceGenerators", "SourceGenerators\SourceGenerators.csproj", "{86D8999A-AF9B-4130-AA4B-2E64A2EBEA23}"
EndProject
Project("{FAE04EC0-301F-11D3-BF4B-00C04F79EFBC}") = "HelloWorldGenerator", "HelloWorldGenerator\HelloWorldGenerator.csproj", "{14A399E7-5D2F-43F4-9425-0E3DC213BC4D}"
EndProject
Project("{FAE04EC0-301F-11D3-BF4B-00C04F79EFBC}") = "HelloWorldGeneratorWithStringSource", "HelloWorldGeneratorWithStringSource\HelloWorldGeneratorWithStringSource.csproj", "{4E6A0EB2-B28B-4799-B176-F0AA09B8055E}"
EndProject
Project("{FAE04EC0-301F-11D3-BF4B-00C04F79EFBC}") = "MethodHidingMethodOverriding", "MethodHidingMethodOverriding\MethodHidingMethodOverriding.csproj", "{5A0F6247-6E9B-4351-A372-4D5B89832513}"
EndProject
Project("{FAE04EC0-301F-11D3-BF4B-00C04F79EFBC}") = "LinqJoinExample", "LinqJoinExample\LinqJoinExample.csproj", "{A1BD067B-36D5-42CD-B64E-C0574B099FB9}"
EndProject
Global
	GlobalSection(SolutionConfigurationPlatforms) = preSolution
		Debug|Any CPU = Debug|Any CPU
		Release|Any CPU = Release|Any CPU
	EndGlobalSection
	GlobalSection(ProjectConfigurationPlatforms) = postSolution
		{AF13287B-4996-4618-A664-662CB7300E23}.Debug|Any CPU.ActiveCfg = Debug|Any CPU
		{AF13287B-4996-4618-A664-662CB7300E23}.Debug|Any CPU.Build.0 = Debug|Any CPU
		{AF13287B-4996-4618-A664-662CB7300E23}.Release|Any CPU.ActiveCfg = Release|Any CPU
		{AF13287B-4996-4618-A664-662CB7300E23}.Release|Any CPU.Build.0 = Release|Any CPU
		{B2154B55-F184-4E76-BBD2-BEA2A81582F5}.Debug|Any CPU.ActiveCfg = Debug|Any CPU
		{B2154B55-F184-4E76-BBD2-BEA2A81582F5}.Debug|Any CPU.Build.0 = Debug|Any CPU
		{B2154B55-F184-4E76-BBD2-BEA2A81582F5}.Release|Any CPU.ActiveCfg = Release|Any CPU
		{B2154B55-F184-4E76-BBD2-BEA2A81582F5}.Release|Any CPU.Build.0 = Release|Any CPU
		{EB245691-71F8-4CD8-AD7E-56C730C04874}.Debug|Any CPU.ActiveCfg = Debug|Any CPU
		{EB245691-71F8-4CD8-AD7E-56C730C04874}.Debug|Any CPU.Build.0 = Debug|Any CPU
		{EB245691-71F8-4CD8-AD7E-56C730C04874}.Release|Any CPU.ActiveCfg = Release|Any CPU
		{EB245691-71F8-4CD8-AD7E-56C730C04874}.Release|Any CPU.Build.0 = Release|Any CPU
		{BFFA94FE-7264-4F71-9244-493B0786A474}.Debug|Any CPU.ActiveCfg = Debug|Any CPU
		{BFFA94FE-7264-4F71-9244-493B0786A474}.Debug|Any CPU.Build.0 = Debug|Any CPU
		{BFFA94FE-7264-4F71-9244-493B0786A474}.Release|Any CPU.ActiveCfg = Release|Any CPU
		{BFFA94FE-7264-4F71-9244-493B0786A474}.Release|Any CPU.Build.0 = Release|Any CPU
		{99AE8FFF-C55B-4952-A3A2-41248C7F042B}.Debug|Any CPU.ActiveCfg = Debug|Any CPU
		{99AE8FFF-C55B-4952-A3A2-41248C7F042B}.Debug|Any CPU.Build.0 = Debug|Any CPU
		{99AE8FFF-C55B-4952-A3A2-41248C7F042B}.Release|Any CPU.ActiveCfg = Release|Any CPU
		{99AE8FFF-C55B-4952-A3A2-41248C7F042B}.Release|Any CPU.Build.0 = Release|Any CPU
		{FE7B4A5D-0F48-408C-A891-F43EF9C1BB15}.Debug|Any CPU.ActiveCfg = Debug|Any CPU
		{FE7B4A5D-0F48-408C-A891-F43EF9C1BB15}.Debug|Any CPU.Build.0 = Debug|Any CPU
		{FE7B4A5D-0F48-408C-A891-F43EF9C1BB15}.Release|Any CPU.ActiveCfg = Release|Any CPU
		{FE7B4A5D-0F48-408C-A891-F43EF9C1BB15}.Release|Any CPU.Build.0 = Release|Any CPU
		{8D5AEA2D-90BC-44AC-81F2-D9A2C0AF469F}.Debug|Any CPU.ActiveCfg = Debug|Any CPU
		{8D5AEA2D-90BC-44AC-81F2-D9A2C0AF469F}.Debug|Any CPU.Build.0 = Debug|Any CPU
		{8D5AEA2D-90BC-44AC-81F2-D9A2C0AF469F}.Release|Any CPU.ActiveCfg = Release|Any CPU
		{8D5AEA2D-90BC-44AC-81F2-D9A2C0AF469F}.Release|Any CPU.Build.0 = Release|Any CPU
		{E5817E23-DF58-4A74-9350-9D059FFFBDF8}.Debug|Any CPU.ActiveCfg = Debug|Any CPU
		{E5817E23-DF58-4A74-9350-9D059FFFBDF8}.Debug|Any CPU.Build.0 = Debug|Any CPU
		{E5817E23-DF58-4A74-9350-9D059FFFBDF8}.Release|Any CPU.ActiveCfg = Release|Any CPU
		{E5817E23-DF58-4A74-9350-9D059FFFBDF8}.Release|Any CPU.Build.0 = Release|Any CPU
		{86D8999A-AF9B-4130-AA4B-2E64A2EBEA23}.Debug|Any CPU.ActiveCfg = Debug|Any CPU
		{86D8999A-AF9B-4130-AA4B-2E64A2EBEA23}.Debug|Any CPU.Build.0 = Debug|Any CPU
		{86D8999A-AF9B-4130-AA4B-2E64A2EBEA23}.Release|Any CPU.ActiveCfg = Release|Any CPU
		{86D8999A-AF9B-4130-AA4B-2E64A2EBEA23}.Release|Any CPU.Build.0 = Release|Any CPU
		{14A399E7-5D2F-43F4-9425-0E3DC213BC4D}.Debug|Any CPU.ActiveCfg = Debug|Any CPU
		{14A399E7-5D2F-43F4-9425-0E3DC213BC4D}.Debug|Any CPU.Build.0 = Debug|Any CPU
		{14A399E7-5D2F-43F4-9425-0E3DC213BC4D}.Release|Any CPU.ActiveCfg = Release|Any CPU
		{14A399E7-5D2F-43F4-9425-0E3DC213BC4D}.Release|Any CPU.Build.0 = Release|Any CPU
		{4E6A0EB2-B28B-4799-B176-F0AA09B8055E}.Debug|Any CPU.ActiveCfg = Debug|Any CPU
		{4E6A0EB2-B28B-4799-B176-F0AA09B8055E}.Debug|Any CPU.Build.0 = Debug|Any CPU
		{4E6A0EB2-B28B-4799-B176-F0AA09B8055E}.Release|Any CPU.ActiveCfg = Release|Any CPU
		{4E6A0EB2-B28B-4799-B176-F0AA09B8055E}.Release|Any CPU.Build.0 = Release|Any CPU
		{5A0F6247-6E9B-4351-A372-4D5B89832513}.Debug|Any CPU.ActiveCfg = Debug|Any CPU
		{5A0F6247-6E9B-4351-A372-4D5B89832513}.Debug|Any CPU.Build.0 = Debug|Any CPU
		{5A0F6247-6E9B-4351-A372-4D5B89832513}.Release|Any CPU.ActiveCfg = Release|Any CPU
		{5A0F6247-6E9B-4351-A372-4D5B89832513}.Release|Any CPU.Build.0 = Release|Any CPU
		{A1BD067B-36D5-42CD-B64E-C0574B099FB9}.Debug|Any CPU.ActiveCfg = Debug|Any CPU
		{A1BD067B-36D5-42CD-B64E-C0574B099FB9}.Debug|Any CPU.Build.0 = Debug|Any CPU
		{A1BD067B-36D5-42CD-B64E-C0574B099FB9}.Release|Any CPU.ActiveCfg = Release|Any CPU
		{A1BD067B-36D5-42CD-B64E-C0574B099FB9}.Release|Any CPU.Build.0 = Release|Any CPU
	EndGlobalSection
	GlobalSection(SolutionProperties) = preSolution
		HideSolutionNode = FALSE
	EndGlobalSection
EndGlobal
